
Microsoft Visual Studio Solution File, Format Version 12.00
# Visual Studio Version 16
VisualStudioVersion = 16.0.30320.27
MinimumVisualStudioVersion = 10.0.40219.1
Project("{FAE04EC0-301F-11D3-BF4B-00C04F79EFBC}") = "CodeFirstMigrationUpdates", "CodeFirstMigrationUpdates\CodeFirstMigrationUpdates.csproj", "{5A105B61-AC42-4720-B659-23198F493CFB}"
EndProject
Global
	GlobalSection(SolutionConfigurationPlatforms) = preSolution
		Debug|Any CPU = Debug|Any CPU
		Release|Any CPU = Release|Any CPU
	EndGlobalSection
	GlobalSection(ProjectConfigurationPlatforms) = postSolution
		{5A105B61-AC42-4720-B659-23198F493CFB}.Debug|Any CPU.ActiveCfg = Debug|Any CPU
		{5A105B61-AC42-4720-B659-23198F493CFB}.Debug|Any CPU.Build.0 = Debug|Any CPU
		{5A105B61-AC42-4720-B659-23198F493CFB}.Release|Any CPU.ActiveCfg = Release|Any CPU
		{5A105B61-AC42-4720-B659-23198F493CFB}.Release|Any CPU.Build.0 = Release|Any CPU
	EndGlobalSection
	GlobalSection(SolutionProperties) = preSolution
		HideSolutionNode = FALSE
	EndGlobalSection
	GlobalSection(ExtensibilityGlobals) = postSolution
		SolutionGuid = {7DBFCDDC-FAA9-4647-916B-99A96D18A6B9}
	EndGlobalSection
EndGlobal
